
Microsoft Visual Studio Solution File, Format Version 12.00
# Visual Studio Version 16
VisualStudioVersion = 16.0.31321.278
MinimumVisualStudioVersion = 10.0.40219.1
Project("{FAE04EC0-301F-11D3-BF4B-00C04F79EFBC}") = "BootStrapHandsOn1", "BootStrapHandsOn1\BootStrapHandsOn1.csproj", "{912799BE-1AE1-4FED-87E9-605B93530858}"
EndProject
Global
	GlobalSection(SolutionConfigurationPlatforms) = preSolution
		Debug|Any CPU = Debug|Any CPU
		Release|Any CPU = Release|Any CPU
	EndGlobalSection
	GlobalSection(ProjectConfigurationPlatforms) = postSolution
		{912799BE-1AE1-4FED-87E9-605B93530858}.Debug|Any CPU.ActiveCfg = Debug|Any CPU
		{912799BE-1AE1-4FED-87E9-605B93530858}.Debug|Any CPU.Build.0 = Debug|Any CPU
		{912799BE-1AE1-4FED-87E9-605B93530858}.Release|Any CPU.ActiveCfg = Release|Any CPU
		{912799BE-1AE1-4FED-87E9-605B93530858}.Release|Any CPU.Build.0 = Release|Any CPU
	EndGlobalSection
	GlobalSection(SolutionProperties) = preSolution
		HideSolutionNode = FALSE
	EndGlobalSection
	GlobalSection(ExtensibilityGlobals) = postSolution
		SolutionGuid = {4D616894-9CC0-4760-93BB-A959750A12C4}
	EndGlobalSection
EndGlobal
